// !$*UTF8*$!
{
	archiveVersion = 1;
	classes = {
	};
	objectVersion = 56;
	objects = {

/* Begin PBXBuildFile section */
		C1000001 /* EngineSimAppApp.swift in Sources */ = {
			isa = PBXBuildFile;
			fileRef = C2000001 /* EngineSimAppApp.swift */;
		};
		C1000002 /* ContentView.swift in Sources */ = {
			isa = PBXBuildFile;
			fileRef = C2000002 /* ContentView.swift */;
		};
		C1000003 /* EngineSimViewModel.swift in Sources */ = {
			isa = PBXBuildFile;
			fileRef = C2000003 /* EngineSimViewModel.swift */;
		};
		C1000005 /* EngineSimWrapper.mm in Sources */ = {
			isa = PBXBuildFile;
			fileRef = C2000005 /* EngineSimWrapper.mm */;
		};
		C1000020 /* AudioToolbox.framework in Frameworks */ = {
			isa = PBXBuildFile;
			fileRef = C2000020 /* AudioToolbox.framework */;
		};
		C1000021 /* CoreAudio.framework in Frameworks */ = {
			isa = PBXBuildFile;
			fileRef = C2000021 /* CoreAudio.framework */;
		};
		C1000022 /* AVFoundation.framework in Frameworks */ = {
			isa = PBXBuildFile;
			fileRef = C2000022 /* AVFoundation.framework */;
		};
		C1000030 /* libenginesim.a in Frameworks */ = {
			isa = PBXBuildFile;
			fileRef = C2000030 /* libenginesim.a */;
		};
		C1000031 /* libengine-sim.a in Frameworks */ = {
			isa = PBXBuildFile;
			fileRef = C2000031 /* libengine-sim.a */;
		};
		C1000032 /* libcsv-io.a in Frameworks */ = {
			isa = PBXBuildFile;
			fileRef = C2000032 /* libcsv-io.a */;
		};
		C1000033 /* libsimple-2d-constraint-solver.a in Frameworks */ = {
			isa = PBXBuildFile;
			fileRef = C2000033 /* libsimple-2d-constraint-solver.a */;
		};
			C1000035 /* IOSInputProvider.cpp in Sources */ = {
			isa = PBXBuildFile;
			fileRef = C2000081 /* IOSInputProvider.cpp */;
			};
			C1000036 /* IOSPresentation.cpp in Sources */ = {
			isa = PBXBuildFile;
			fileRef = C2000083 /* IOSPresentation.cpp */;
			};
			C1000037 /* IOSRunner.cpp in Sources */ = {
			isa = PBXBuildFile;
			fileRef = C2000085 /* IOSRunner.cpp */;
			};
/* End PBXBuildFile section */

/* Begin PBXFileReference section */
		C2000001 /* EngineSimAppApp.swift */ = {
			isa = PBXFileReference;
			lastKnownFileType = sourcecode.swift;
			path = EngineSimAppApp.swift;
			sourceTree = "<group>";
		};
		C2000002 /* ContentView.swift */ = {
			isa = PBXFileReference;
			lastKnownFileType = sourcecode.swift;
			path = ContentView.swift;
			sourceTree = "<group>";
		};
		C2000003 /* EngineSimViewModel.swift */ = {
			isa = PBXFileReference;
			lastKnownFileType = sourcecode.swift;
			path = EngineSimViewModel.swift;
			sourceTree = "<group>";
		};
		C2000004 /* EngineSimWrapper.h */ = {
			isa = PBXFileReference;
			lastKnownFileType = sourcecode.c.h;
			path = EngineSimWrapper.h;
			sourceTree = "<group>";
		};
		C2000005 /* EngineSimWrapper.mm */ = {
			isa = PBXFileReference;
			lastKnownFileType = sourcecode.cpp.objcpp;
			path = EngineSimWrapper.mm;
			sourceTree = "<group>";
		};
		C2000006 /* Info.plist */ = {
			isa = PBXFileReference;
			lastKnownFileType = text.plist.xml;
			path = Info.plist;
			sourceTree = "<group>";
		};
		C2000007 /* EngineSim-Bridging-Header.h */ = {
			isa = PBXFileReference;
			lastKnownFileType = sourcecode.c.h;
			path = "EngineSim-Bridging-Header.h";
			sourceTree = "<group>";
		};
		C2000010 /* Assets.xcassets */ = {
			isa = PBXFileReference;
			lastKnownFileType = folder.assetcatalog;
			path = Assets.xcassets;
			sourceTree = "<group>";
		};
		C2000080 /* EngineSimApp.app */ = {
			isa = PBXFileReference;
			explicitFileType = wrapper.application;
			includeInIndex = 0;
			path = EngineSimApp.app;
			sourceTree = BUILT_PRODUCTS_DIR;
		};
		C2000020 /* AudioToolbox.framework */ = {
			isa = PBXFileReference;
			lastKnownFileType = wrapper.framework;
			name = AudioToolbox.framework;
			path = System/Library/Frameworks/AudioToolbox.framework;
			sourceTree = SDKROOT;
		};
		C2000021 /* CoreAudio.framework */ = {
			isa = PBXFileReference;
			lastKnownFileType = wrapper.framework;
			name = CoreAudio.framework;
			path = System/Library/Frameworks/CoreAudio.framework;
			sourceTree = SDKROOT;
		};
		C2000022 /* AVFoundation.framework */ = {
			isa = PBXFileReference;
			lastKnownFileType = wrapper.framework;
			name = AVFoundation.framework;
			path = System/Library/Frameworks/AVFoundation.framework;
			sourceTree = SDKROOT;
		};
		C2000030 /* libenginesim.a */ = {
			isa = PBXFileReference;
			lastKnownFileType = archive.ar;
			name = libenginesim.a;
			path = "../build-$(PLATFORM_NAME)/libenginesim.a";
			sourceTree = "<group>";
		};
		C2000031 /* libengine-sim.a */ = {
			isa = PBXFileReference;
			lastKnownFileType = archive.ar;
			name = libengine-sim.a;
			path = "../build-$(PLATFORM_NAME)/engine-sim/libengine-sim.a";
			sourceTree = "<group>";
		};
		C2000032 /* libcsv-io.a */ = {
			isa = PBXFileReference;
			lastKnownFileType = archive.ar;
			name = libcsv-io.a;
			path = "../build-$(PLATFORM_NAME)/engine-sim/dependencies/submodules/csv-io/libcsv-io.a";
			sourceTree = "<group>";
		};
		C2000033 /* libsimple-2d-constraint-solver.a */ = {
			isa = PBXFileReference;
			lastKnownFileType = archive.ar;
			name = libsimple-2d-constraint-solver.a;
			path = "../build-$(PLATFORM_NAME)/engine-sim/dependencies/submodules/simple-2d-constraint-solver/libsimple-2d-constraint-solver.a";
			sourceTree = "<group>";
		};
		C2000033 /* libsimple-2d-constraint-solver.a */ = {
			isa = PBXFileReference;
			lastKnownFileType = archive.ar;
			name = libsimple-2d-constraint-solver.a;
			path = "../build-\$(PLATFORM_NAME)/engine-sim/dependencies/submodules/simple-2d-constraint-solver/libsimple-2d-constraint-solver.a";
			sourceTree = "<group>";
		};
		C2000081 /* IOSInputProvider.cpp */ = {
			isa = PBXFileReference;
			lastKnownFileType = sourcecode.cpp.cpp;
			path = IOSInputProvider.cpp;
			sourceTree = "<group>";
		};
		C2000083 /* IOSPresentation.cpp */ = {
			isa = PBXFileReference;
			lastKnownFileType = sourcecode.cpp.cpp;
			path = IOSPresentation.cpp;
			sourceTree = "<group>";
		};
		C2000085 /* IOSRunner.cpp */ = {
			isa = PBXFileReference;
			lastKnownFileType = sourcecode.cpp.cpp;
			path = IOSRunner.cpp;
			sourceTree = "<group>";
		};
		C2000082 /* IOSInputProvider.h */ = {
			isa = PBXFileReference;
			lastKnownFileType = sourcecode.c.h;
			path = IOSInputProvider.h;
			sourceTree = "<group>";
		};
		C2000084 /* IOSPresentation.h */ = {
			isa = PBXFileReference;
			lastKnownFileType = sourcecode.c.h;
			path = IOSPresentation.h;
			sourceTree = "<group>";
		};
		C2000086 /* IOSRunner.h */ = {
			isa = PBXFileReference;
			lastKnownFileType = sourcecode.c.h;
			path = IOSRunner.h;
			sourceTree = "<group>";
		};
/* End PBXFileReference section */

/* Begin PBXFrameworksBuildPhase section */
		C3000001 /* Frameworks */ = {
			isa = PBXFrameworksBuildPhase;
			buildActionMask = 2147483647;
			files = (
				C1000033 /* libsimple-2d-constraint-solver.a in Frameworks */,
				C1000032 /* libcsv-io.a in Frameworks */,
				C1000031 /* libengine-sim.a in Frameworks */,
				C1000030 /* libenginesim.a in Frameworks */,
				C1000020 /* AudioToolbox.framework in Frameworks */,
				C1000021 /* CoreAudio.framework in Frameworks */,
				C1000022 /* AVFoundation.framework in Frameworks */,
			);
			runOnlyForDeploymentPostprocessing = 0;
		};
/* End PBXFrameworksBuildPhase section */

/* Begin PBXGroup section */
		C4000001 = {
			isa = PBXGroup;
			children = (
				C4000002 /* EngineSimApp */,
				C4000003 /* Products */,
			);
			sourceTree = "<group>";
		};
		C4000002 /* EngineSimApp */ = {
			isa = PBXGroup;
			children = (
				C2000001 /* EngineSimAppApp.swift */,
				C2000002 /* ContentView.swift */,
				C2000003 /* EngineSimViewModel.swift */,
				C2000004 /* EngineSimWrapper.h */,
				C2000005 /* EngineSimWrapper.mm */,
				C2000081 /* IOSInputProvider.cpp */,
				C2000082 /* IOSInputProvider.h */,
				C2000083 /* IOSPresentation.cpp */,
				C2000084 /* IOSPresentation.h */,
				C2000085 /* IOSRunner.cpp */,
				C2000086 /* IOSRunner.h */,
				C2000007 /* EngineSim-Bridging-Header.h */,
				C2000010 /* Assets.xcassets */,
				C2000006 /* Info.plist */,
			);
			sourceTree = "<group>";
		};
		C4000003 /* Products */ = {
			isa = PBXGroup;
			children = (
				C2000080 /* EngineSimApp.app */,
			);
			name = Products;
			sourceTree = "<group>";
		};
/* End PBXGroup section */

/* Begin PBXNativeTarget section */
		C5000001 /* EngineSimApp */ = {
			isa = PBXNativeTarget;
			buildConfigurationList = C6000001 /* Build configuration list for PBXNativeTarget "EngineSimApp" */;
			buildPhases = (
				C3000001 /* Frameworks */,
				C3000002 /* Sources */,
			);
			buildRules = (
			);
			dependencies = (
			);
			name = EngineSimApp;
			productName = EngineSimApp;
			productReference = C2000080 /* EngineSimApp.app */;
			productType = "com.apple.product-type.application";
		};
/* End PBXNativeTarget section */

/* Begin PBXProject section */
		C7000001 /* Project object */ = {
			isa = PBXProject;
			attributes = {
				BuildIndependentTargetsInParallel = 1;
				LastSwiftUpdateCheck = 1610;
				LastUpgradeCheck = 1610;
				TargetAttributes = {
					C5000001 = {
						CreatedOnToolsVersion = 16.0;
					};
				};
			};
			buildConfigurationList = C6000002 /* Build configuration list for PBXProject "EngineSimApp" */;
			compatibilityVersion = "Xcode 14.0";
			developmentRegion = en;
			hasScannedForEncodings = 0;
			knownRegions = (
				en,
				Base,
			);
			mainGroup = C4000001;
			productRefGroup = C4000003 /* Products */;
			projectDirPath = "";
			projectRoot = "";
			targets = (
				C5000001 /* EngineSimApp */,
			);
		};
/* End PBXProject section */

/* Begin PBXSourcesBuildPhase section */
		C3000002 /* Sources */ = {
			isa = PBXSourcesBuildPhase;
			buildActionMask = 2147483647;
			files = (
				C1000001 /* EngineSimAppApp.swift in Sources */,
				C1000002 /* ContentView.swift in Sources */,
				C1000003 /* EngineSimViewModel.swift in Sources */,
				C1000005 /* EngineSimWrapper.mm in Sources */,
				C1000035 /* IOSInputProvider.cpp in Sources */,
				C1000036 /* IOSPresentation.cpp in Sources */,
				C1000037 /* IOSRunner.cpp in Sources */,
			);
			runOnlyForDeploymentPostprocessing = 0;
		};
/* End PBXSourcesBuildPhase section */

/* Begin XCBuildConfiguration section */
		C8000001 /* Debug */ = {
			isa = XCBuildConfiguration;
			buildSettings = {
				ALWAYS_SEARCH_USER_PATHS = NO;
				ASSETCATALOG_COMPILER_GENERATE_SWIFT_ASSET_SYMBOL_EXTENSIONS = YES;
				CLANG_ANALYZER_NONNULL = YES;
				CLANG_ANALYZER_NUMBER_OBJECT_CONVERSION = YES_AGGRESSIVE;
				CLANG_CXX_LANGUAGE_STANDARD = "gnu++17";
				CLANG_ENABLE_OBJC_ARC = YES;
				CLANG_ENABLE_OBJC_WEAK = YES;
				CLANG_WARN_BLOCK_CAPTURE_AUTORELEASING = YES;
				CLANG_WARN_BOOL_CONVERSION = YES;
				CLANG_WARN_COMMA = YES;
				CLANG_WARN_CONSTANT_CONVERSION = YES;
				CLANG_WARN_DEPRECATED_OBJC_IMPLEMENTATIONS = YES;
				CLANG_WARN_DIRECT_OBJC_ISA_USAGE = YES_ERROR;
				CLANG_WARN_DOCUMENTATION_COMMENTS = YES;
				CLANG_WARN_EMPTY_BODY = YES;
				CLANG_WARN_ENUM_CONVERSION = YES;
				CLANG_WARN_INFINITE_RECURSION = YES;
				CLANG_WARN_INT_CONVERSION = YES;
				CLANG_WARN_NON_LITERAL_NULL_CONVERSION = YES;
				CLANG_WARN_OBJC_IMPLICIT_RETAIN_SELF = YES;
				CLANG_WARN_OBJC_LITERAL_CONVERSION = YES;
				CLANG_WARN_OBJC_ROOT_CLASS = YES_ERROR;
				CLANG_WARN_QUOTED_INCLUDE_IN_FRAMEWORK_HEADER = YES;
				CLANG_WARN_RANGE_LOOP_ANALYSIS = YES;
				CLANG_WARN_STRICT_PROTOTYPES = YES;
				CLANG_WARN_SUSPICIOUS_MOVE = YES;
				CLANG_WARN_UNGUARDED_AVAILABILITY = YES_AGGRESSIVE;
				CLANG_WARN_UNREACHABLE_CODE = YES;
				CLANG_WARN__DUPLICATE_METHOD_MATCH = YES;
				COPY_PHASE_STRIP = NO;
				DEBUG_INFORMATION_FORMAT = dwarf;
				DEVELOPMENT_TEAM = 2KQ24XG2P4;
				ENABLE_STRICT_OBJC_MSGSEND = YES;
				ENABLE_TESTABILITY = YES;
				ENABLE_USER_SCRIPT_SANDBOXING = NO;
				GCC_C_LANGUAGE_STANDARD = gnu11;
				GCC_DYNAMIC_NO_PIC = NO;
				GCC_NO_COMMON_BLOCKS = YES;
				GCC_OPTIMIZATION_LEVEL = 0;
				GCC_PREPROCESSOR_DEFINITIONS = (
					"DEBUG=1",
					"$(inherited)",
				);
				GCC_WARN_64_TO_32_BIT_CONVERSION = YES;
				GCC_WARN_ABOUT_RETURN_TYPE = YES_ERROR;
				GCC_WARN_UNDECLARED_SELECTOR = YES;
				GCC_WARN_UNINITIALIZED_AUTOS = YES_AGGRESSIVE;
				GCC_WARN_UNUSED_FUNCTION = YES;
				GCC_WARN_UNUSED_VARIABLE = YES;
				GENERATE_INFOPLIST_FILE = YES;
				HEADER_SEARCH_PATHS = (
					"$(inherited)",
					"$(PROJECT_DIR)/../../engine-sim-bridge/include",
				);
				INFOPLIST_FILE = Info.plist;
				IPHONEOS_DEPLOYMENT_TARGET = 16.0;
				LD_RUNPATH_SEARCH_PATHS = (
					"$(inherited)",
					"@executable_path/Frameworks",
				);
				LIBRARY_SEARCH_PATHS = (
					"$(inherited)",
					"$(PROJECT_DIR)/../build-$(PLATFORM_NAME)",
					"$(PROJECT_DIR)/../build-$(PLATFORM_NAME)/engine-sim",
					"$(PROJECT_DIR)/../build-$(PLATFORM_NAME)/engine-sim/dependencies/submodules/csv-io",
					"$(PROJECT_DIR)/../build-$(PLATFORM_NAME)/engine-sim/dependencies/submodules/simple-2d-constraint-solver",
				);
				MTL_ENABLE_DEBUG_INFO = INCLUDE_SOURCE;
				MTL_FAST_MATH = YES;
				ONLY_ACTIVE_ARCH = YES;
				PRODUCT_BUNDLE_IDENTIFIER = com.axxiant.enginesim;
				INFOPLIST_KEY_UISupportedInterfaceOrientations_iPhone = "UIInterfaceOrientationPortrait UIInterfaceOrientationLandscapeLeft UIInterfaceOrientationLandscapeRight";
				INFOPLIST_KEY_UISupportedInterfaceOrientations_iPad = "UIInterfaceOrientationPortrait UIInterfaceOrientationPortraitUpsideDown UIInterfaceOrientationLandscapeLeft UIInterfaceOrientationLandscapeRight";
				INFOPLIST_KEY_UILaunchScreen_Generation = YES;
				PRODUCT_NAME = "$(TARGET_NAME)";
				SDKROOT = iphoneos;
				SUPPORTED_PLATFORMS = "iphoneos iphonesimulator";
				SUPPORTS_MACCATALYST = NO;
				SUPPORTS_XR_DESIGNED_FOR_IPHONE_IPAD = NO;
				SWIFT_ACTIVE_COMPILATION_CONDITIONS = DEBUG;
				SWIFT_OBJC_BRIDGING_HEADER = "EngineSim-Bridging-Header.h";
				SWIFT_OPTIMIZATION_LEVEL = "-Onone";
				SWIFT_VERSION = 5.0;
				TARGETED_DEVICE_FAMILY = "1,2";
			};
			name = Debug;
		};
		C8000002 /* Release */ = {
			isa = XCBuildConfiguration;
			buildSettings = {
				ALWAYS_SEARCH_USER_PATHS = NO;
				ASSETCATALOG_COMPILER_GENERATE_SWIFT_ASSET_SYMBOL_EXTENSIONS = YES;
				CLANG_ANALYZER_NONNULL = YES;
				CLANG_ANALYZER_NUMBER_OBJECT_CONVERSION = YES_AGGRESSIVE;
				CLANG_CXX_LANGUAGE_STANDARD = "gnu++17";
				CLANG_ENABLE_OBJC_ARC = YES;
				CLANG_ENABLE_OBJC_WEAK = YES;
				CLANG_WARN_BLOCK_CAPTURE_AUTORELEASING = YES;
				CLANG_WARN_BOOL_CONVERSION = YES;
				CLANG_WARN_COMMA = YES;
				CLANG_WARN_CONSTANT_CONVERSION = YES;
				CLANG_WARN_DEPRECATED_OBJC_IMPLEMENTATIONS = YES;
				CLANG_WARN_DIRECT_OBJC_ISA_USAGE = YES_ERROR;
				CLANG_WARN_DOCUMENTATION_COMMENTS = YES;
				CLANG_WARN_EMPTY_BODY = YES;
				CLANG_WARN_ENUM_CONVERSION = YES;
				CLANG_WARN_INFINITE_RECURSION = YES;
				CLANG_WARN_INT_CONVERSION = YES;
				CLANG_WARN_NON_LITERAL_NULL_CONVERSION = YES;
				CLANG_WARN_OBJC_IMPLICIT_RETAIN_SELF = YES;
				CLANG_WARN_OBJC_LITERAL_CONVERSION = YES;
				CLANG_WARN_OBJC_ROOT_CLASS = YES_ERROR;
				CLANG_WARN_QUOTED_INCLUDE_IN_FRAMEWORK_HEADER = YES;
				CLANG_WARN_RANGE_LOOP_ANALYSIS = YES;
				CLANG_WARN_STRICT_PROTOTYPES = YES;
				CLANG_WARN_SUSPICIOUS_MOVE = YES;
				CLANG_WARN_UNGUARDED_AVAILABILITY = YES_AGGRESSIVE;
				CLANG_WARN_UNREACHABLE_CODE = YES;
				CLANG_WARN__DUPLICATE_METHOD_MATCH = YES;
				COPY_PHASE_STRIP = NO;
				DEBUG_INFORMATION_FORMAT = "dwarf-with-dsym";
				DEVELOPMENT_TEAM = 2KQ24XG2P4;
				ENABLE_NS_ASSERTIONS = NO;
				ENABLE_STRICT_OBJC_MSGSEND = YES;
				ENABLE_USER_SCRIPT_SANDBOXING = NO;
				GCC_C_LANGUAGE_STANDARD = gnu11;
				GCC_NO_COMMON_BLOCKS = YES;
				GCC_WARN_64_TO_32_BIT_CONVERSION = YES;
				GCC_WARN_ABOUT_RETURN_TYPE = YES_ERROR;
				GCC_WARN_UNDECLARED_SELECTOR = YES;
				GCC_WARN_UNINITIALIZED_AUTOS = YES_AGGRESSIVE;
				GCC_WARN_UNUSED_FUNCTION = YES;
				GCC_WARN_UNUSED_VARIABLE = YES;
				GENERATE_INFOPLIST_FILE = YES;
				HEADER_SEARCH_PATHS = (
					"$(inherited)",
					"$(PROJECT_DIR)/../../engine-sim-bridge/include",
				);
				INFOPLIST_FILE = Info.plist;
				IPHONEOS_DEPLOYMENT_TARGET = 16.0;
				LD_RUNPATH_SEARCH_PATHS = (
					"$(inherited)",
					"@executable_path/Frameworks",
				);
				LIBRARY_SEARCH_PATHS = (
					"$(inherited)",
					"$(PROJECT_DIR)/../build-$(PLATFORM_NAME)",
					"$(PROJECT_DIR)/../build-$(PLATFORM_NAME)/engine-sim",
					"$(PROJECT_DIR)/../build-$(PLATFORM_NAME)/engine-sim/dependencies/submodules/csv-io",
					"$(PROJECT_DIR)/../build-$(PLATFORM_NAME)/engine-sim/dependencies/submodules/simple-2d-constraint-solver",
				);
				MTL_ENABLE_DEBUG_INFO = NO;
				MTL_FAST_MATH = YES;
				PRODUCT_BUNDLE_IDENTIFIER = com.axxiant.enginesim;
				PRODUCT_NAME = "$(TARGET_NAME)";
				SDKROOT = iphoneos;
				SUPPORTED_PLATFORMS = "iphoneos iphonesimulator";
				SUPPORTS_MACCATALYST = NO;
				SUPPORTS_XR_DESIGNED_FOR_IPHONE_IPAD = NO;
				SWIFT_COMPILATION_MODE = wholemodule;
				SWIFT_OBJC_BRIDGING_HEADER = "EngineSim-Bridging-Header.h";
				SWIFT_OPTIMIZATION_LEVEL = "-O";
				SWIFT_VERSION = 5.0;
				TARGETED_DEVICE_FAMILY = "1,2";
				VALIDATE_PRODUCT = YES;
			};
			name = Release;
		};
		C8000003 /* Debug */ = {
			isa = XCBuildConfiguration;
			buildSettings = {
				ALWAYS_SEARCH_USER_PATHS = NO;
				CLANG_ANALYZER_NONNULL = YES;
				CLANG_ANALYZER_NUMBER_OBJECT_CONVERSION = YES_AGGRESSIVE;
				CLANG_CXX_LANGUAGE_STANDARD = "gnu++17";
				CLANG_ENABLE_OBJC_ARC = YES;
				CLANG_ENABLE_OBJC_WEAK = YES;
				CLANG_WARN_DOCUMENTATION_COMMENTS = YES;
				CLANG_WARN_OBJC_ROOT_CLASS = YES_ERROR;
				CLANG_WARN_UNGUARDED_AVAILABILITY = YES_AGGRESSIVE;
				GCC_C_LANGUAGE_STANDARD = gnu11;
				GCC_WARN_ABOUT_RETURN_TYPE = YES_ERROR;
				GCC_WARN_UNINITIALIZED_AUTOS = YES_AGGRESSIVE;
				GCC_WARN_UNUSED_VARIABLE = YES;
				HEADER_SEARCH_PATHS = (
					"$(inherited)",
					"$(PROJECT_DIR)/../../engine-sim-bridge/include",
				);
				IPHONEOS_DEPLOYMENT_TARGET = 16.0;
				LIBRARY_SEARCH_PATHS = (
					"$(inherited)",
					"$(PROJECT_DIR)/../build-$(PLATFORM_NAME)",
					"$(PROJECT_DIR)/../build-$(PLATFORM_NAME)/engine-sim",
					"$(PROJECT_DIR)/../build-$(PLATFORM_NAME)/engine-sim/dependencies/submodules/csv-io",
					"$(PROJECT_DIR)/../build-$(PLATFORM_NAME)/engine-sim/dependencies/submodules/simple-2d-constraint-solver",
				);
				MTL_ENABLE_DEBUG_INFO = NO;
				SUPPORTED_PLATFORMS = "iphoneos iphonesimulator";
				SWIFT_OBJC_BRIDGING_HEADER = "EngineSim-Bridging-Header.h";
				SWIFT_VERSION = 5.0;
			};
			name = Debug;
		};
		C8000004 /* Release */ = {
			isa = XCBuildConfiguration;
			buildSettings = {
				ALWAYS_SEARCH_USER_PATHS = NO;
				CLANG_ANALYZER_NONNULL = YES;
				CLANG_ANALYZER_NUMBER_OBJECT_CONVERSION = YES_AGGRESSIVE;
				CLANG_CXX_LANGUAGE_STANDARD = "gnu++17";
				CLANG_ENABLE_OBJC_ARC = YES;
				CLANG_ENABLE_OBJC_WEAK = YES;
				CLANG_WARN_DOCUMENTATION_COMMENTS = YES;
				CLANG_WARN_OBJC_ROOT_CLASS = YES_ERROR;
				CLANG_WARN_UNGUARDED_AVAILABILITY = YES_AGGRESSIVE;
				GCC_C_LANGUAGE_STANDARD = gnu11;
				GCC_WARN_ABOUT_RETURN_TYPE = YES_ERROR;
				GCC_WARN_UNINITIALIZED_AUTOS = YES_AGGRESSIVE;
				GCC_WARN_UNUSED_VARIABLE = YES;
				HEADER_SEARCH_PATHS = (
					"$(inherited)",
					"$(PROJECT_DIR)/../../engine-sim-bridge/include",
				);
				IPHONEOS_DEPLOYMENT_TARGET = 16.0;
				LIBRARY_SEARCH_PATHS = (
					"$(inherited)",
					"$(PROJECT_DIR)/../build-$(PLATFORM_NAME)",
					"$(PROJECT_DIR)/../build-$(PLATFORM_NAME)/engine-sim",
					"$(PROJECT_DIR)/../build-$(PLATFORM_NAME)/engine-sim/dependencies/submodules/csv-io",
					"$(PROJECT_DIR)/../build-$(PLATFORM_NAME)/engine-sim/dependencies/submodules/simple-2d-constraint-solver",
				);
				MTL_ENABLE_DEBUG_INFO = NO;
				SUPPORTED_PLATFORMS = "iphoneos iphonesimulator";
				SWIFT_OBJC_BRIDGING_HEADER = "EngineSim-Bridging-Header.h";
				SWIFT_VERSION = 5.0;
			};
			name = Release;
		};
/* End XCBuildConfiguration section */

/* Begin XCConfigurationList section */
		C6000001 /* Build configuration list for PBXNativeTarget "EngineSimApp" */ = {
			isa = XCConfigurationList;
			buildConfigurations = (
				C8000001 /* Debug */,
				C8000002 /* Release */,
			);
			defaultConfigurationIsVisible = 0;
			defaultConfigurationName = Release;
		};
		C6000002 /* Build configuration list for PBXProject "EngineSimApp" */ = {
			isa = XCConfigurationList;
			buildConfigurations = (
				C8000003 /* Debug */,
				C8000004 /* Release */,
			);
			defaultConfigurationIsVisible = 0;
			defaultConfigurationName = Release;
		};
/* End XCConfigurationList section */
	};
	rootObject = C7000001 /* Project object */;
}
